
Microsoft Visual Studio Solution File, Format Version 12.00
# Visual Studio Version 17
VisualStudioVersion = 17.9.34622.214
MinimumVisualStudioVersion = 10.0.40219.1
Project("{FAE04EC0-301F-11D3-BF4B-00C04F79EFBC}") = "APIhub", "APIhub\APIhub.csproj", "{9F745734-EF87-484F-B5CF-FA0114BAABA6}"
EndProject
Global
	GlobalSection(SolutionConfigurationPlatforms) = preSolution
		Debug|Any CPU = Debug|Any CPU
		Release|Any CPU = Release|Any CPU
	EndGlobalSection
	GlobalSection(ProjectConfigurationPlatforms) = postSolution
		{9F745734-EF87-484F-B5CF-FA0114BAABA6}.Debug|Any CPU.ActiveCfg = Debug|Any CPU
		{9F745734-EF87-484F-B5CF-FA0114BAABA6}.Debug|Any CPU.Build.0 = Debug|Any CPU
		{9F745734-EF87-484F-B5CF-FA0114BAABA6}.Release|Any CPU.ActiveCfg = Release|Any CPU
		{9F745734-EF87-484F-B5CF-FA0114BAABA6}.Release|Any CPU.Build.0 = Release|Any CPU
	EndGlobalSection
	GlobalSection(SolutionProperties) = preSolution
		HideSolutionNode = FALSE
	EndGlobalSection
	GlobalSection(ExtensibilityGlobals) = postSolution
		SolutionGuid = {7FC877AB-0FD4-42AD-BB83-4B94545B52E7}
	EndGlobalSection
EndGlobal
